
Microsoft Visual Studio Solution File, Format Version 12.00
# Visual Studio Version 17
VisualStudioVersion = 17.5.33424.131
MinimumVisualStudioVersion = 10.0.40219.1
Project("{FAE04EC0-301F-11D3-BF4B-00C04F79EFBC}") = "Auto_simulacia", "Auto_simulacia.csproj", "{A0632F8F-0382-40DC-B656-976D7F70B38C}"
EndProject
Project("{2150E333-8FDC-42A3-9474-1A3956D46DE8}") = "Solution Items", "Solution Items", "{7899B4DB-3487-4515-9805-58C114C7D91F}"
EndProject
Global
	GlobalSection(SolutionConfigurationPlatforms) = preSolution
		Debug|Any CPU = Debug|Any CPU
		Release|Any CPU = Release|Any CPU
	EndGlobalSection
	GlobalSection(ProjectConfigurationPlatforms) = postSolution
		{A0632F8F-0382-40DC-B656-976D7F70B38C}.Debug|Any CPU.ActiveCfg = Debug|Any CPU
		{A0632F8F-0382-40DC-B656-976D7F70B38C}.Debug|Any CPU.Build.0 = Debug|Any CPU
		{A0632F8F-0382-40DC-B656-976D7F70B38C}.Release|Any CPU.ActiveCfg = Release|Any CPU
		{A0632F8F-0382-40DC-B656-976D7F70B38C}.Release|Any CPU.Build.0 = Release|Any CPU
	EndGlobalSection
	GlobalSection(SolutionProperties) = preSolution
		HideSolutionNode = FALSE
	EndGlobalSection
	GlobalSection(ExtensibilityGlobals) = postSolution
		SolutionGuid = {72813804-C43C-4C12-A2FE-94711181AE94}
	EndGlobalSection
EndGlobal
